
Microsoft Visual Studio Solution File, Format Version 12.00
Project("{2150E333-8FDC-42A3-9474-1A3956D46DE8}") = "src", "src", "{0EB11B92-DD1B-428E-B4CA-B4E3D3A3D0F9}"
EndProject
Project("{2150E333-8FDC-42A3-9474-1A3956D46DE8}") = "tests", "tests", "{CA2E7617-BA1A-404D-B8DF-048013C3BC33}"
EndProject
Project("{FAE04EC0-301F-11D3-BF4B-00C04F79EFBC}") = "PublicApi", "src\PublicApi\PublicApi.csproj", "{453F6E51-5286-4B98-B220-088849C2820B}"
EndProject
Project("{FAE04EC0-301F-11D3-BF4B-00C04F79EFBC}") = "Infrastructure", "src\Infrastructure\Infrastructure.csproj", "{30B8C528-6F57-4930-8D6E-ED68E6AA4A61}"
EndProject
Project("{FAE04EC0-301F-11D3-BF4B-00C04F79EFBC}") = "ApplicationCore", "src\ApplicationCore\ApplicationCore.csproj", "{7586A30B-2CE6-4ABC-AB9C-BB5E5589540A}"
EndProject
Project("{FAE04EC0-301F-11D3-BF4B-00C04F79EFBC}") = "ApplicationCore.UnitTests", "tests\ApplicationCore.UnitTests\ApplicationCore.UnitTests.csproj", "{BCDC1A3C-C044-48EC-8109-AED7B06A3060}"
EndProject
Project("{FAE04EC0-301F-11D3-BF4B-00C04F79EFBC}") = "PublicApi.IntegrationTest", "tests\PublicApi.IntegrationTest\PublicApi.IntegrationTest.csproj", "{C0A3AE69-82F0-4C30-895D-2F0A0AF6FEB0}"
EndProject
Global
	GlobalSection(SolutionConfigurationPlatforms) = preSolution
		Debug|Any CPU = Debug|Any CPU
		Release|Any CPU = Release|Any CPU
	EndGlobalSection
	GlobalSection(NestedProjects) = preSolution
		{545491A6-5A5E-4A47-9441-EB8AC943AE96} = {0EB11B92-DD1B-428E-B4CA-B4E3D3A3D0F9}
		{72ED626F-CA94-45AC-A502-E54142E6ACA0} = {0EB11B92-DD1B-428E-B4CA-B4E3D3A3D0F9}
		{65DED7D8-2E52-4E8A-B417-432F9F7F0F26} = {0EB11B92-DD1B-428E-B4CA-B4E3D3A3D0F9}
		{BCDC1A3C-C044-48EC-8109-AED7B06A3060} = {CA2E7617-BA1A-404D-B8DF-048013C3BC33}
		{453F6E51-5286-4B98-B220-088849C2820B} = {0EB11B92-DD1B-428E-B4CA-B4E3D3A3D0F9}
		{7586A30B-2CE6-4ABC-AB9C-BB5E5589540A} = {0EB11B92-DD1B-428E-B4CA-B4E3D3A3D0F9}
		{30B8C528-6F57-4930-8D6E-ED68E6AA4A61} = {0EB11B92-DD1B-428E-B4CA-B4E3D3A3D0F9}
		{C0A3AE69-82F0-4C30-895D-2F0A0AF6FEB0} = {CA2E7617-BA1A-404D-B8DF-048013C3BC33}
	EndGlobalSection
	GlobalSection(ProjectConfigurationPlatforms) = postSolution
		{453F6E51-5286-4B98-B220-088849C2820B}.Debug|Any CPU.ActiveCfg = Debug|Any CPU
		{453F6E51-5286-4B98-B220-088849C2820B}.Debug|Any CPU.Build.0 = Debug|Any CPU
		{453F6E51-5286-4B98-B220-088849C2820B}.Release|Any CPU.ActiveCfg = Release|Any CPU
		{453F6E51-5286-4B98-B220-088849C2820B}.Release|Any CPU.Build.0 = Release|Any CPU
		{30B8C528-6F57-4930-8D6E-ED68E6AA4A61}.Debug|Any CPU.ActiveCfg = Debug|Any CPU
		{30B8C528-6F57-4930-8D6E-ED68E6AA4A61}.Debug|Any CPU.Build.0 = Debug|Any CPU
		{30B8C528-6F57-4930-8D6E-ED68E6AA4A61}.Release|Any CPU.ActiveCfg = Release|Any CPU
		{30B8C528-6F57-4930-8D6E-ED68E6AA4A61}.Release|Any CPU.Build.0 = Release|Any CPU
		{7586A30B-2CE6-4ABC-AB9C-BB5E5589540A}.Debug|Any CPU.ActiveCfg = Debug|Any CPU
		{7586A30B-2CE6-4ABC-AB9C-BB5E5589540A}.Debug|Any CPU.Build.0 = Debug|Any CPU
		{7586A30B-2CE6-4ABC-AB9C-BB5E5589540A}.Release|Any CPU.ActiveCfg = Release|Any CPU
		{7586A30B-2CE6-4ABC-AB9C-BB5E5589540A}.Release|Any CPU.Build.0 = Release|Any CPU
		{BCDC1A3C-C044-48EC-8109-AED7B06A3060}.Debug|Any CPU.ActiveCfg = Debug|Any CPU
		{BCDC1A3C-C044-48EC-8109-AED7B06A3060}.Debug|Any CPU.Build.0 = Debug|Any CPU
		{BCDC1A3C-C044-48EC-8109-AED7B06A3060}.Release|Any CPU.ActiveCfg = Release|Any CPU
		{BCDC1A3C-C044-48EC-8109-AED7B06A3060}.Release|Any CPU.Build.0 = Release|Any CPU
		{C0A3AE69-82F0-4C30-895D-2F0A0AF6FEB0}.Debug|Any CPU.ActiveCfg = Debug|Any CPU
		{C0A3AE69-82F0-4C30-895D-2F0A0AF6FEB0}.Debug|Any CPU.Build.0 = Debug|Any CPU
		{C0A3AE69-82F0-4C30-895D-2F0A0AF6FEB0}.Release|Any CPU.ActiveCfg = Release|Any CPU
		{C0A3AE69-82F0-4C30-895D-2F0A0AF6FEB0}.Release|Any CPU.Build.0 = Release|Any CPU
	EndGlobalSection
EndGlobal
